
Microsoft Visual Studio Solution File, Format Version 12.00
# Visual Studio Version 16
VisualStudioVersion = 16.0.31424.327
MinimumVisualStudioVersion = 10.0.40219.1
Project("{2150E333-8FDC-42A3-9474-1A3956D46DE8}") = "src", "src", "{E2A02597-A2FF-4E1F-BD79-48CB2CBFAFA9}"
EndProject
Project("{2150E333-8FDC-42A3-9474-1A3956D46DE8}") = "tests", "tests", "{4FBC473E-CC8F-4B24-9254-AF0AD87294BE}"
EndProject
Project("{FAE04EC0-301F-11D3-BF4B-00C04F79EFBC}") = "ApplicationCore", "src\AllregoSoft.WebManagementSystem.ApplicationCore\ApplicationCore.csproj", "{608E0219-E69B-4D65-A97F-783F3FADF5E2}"
EndProject
Project("{FAE04EC0-301F-11D3-BF4B-00C04F79EFBC}") = "Infrastructure", "src\AllregoSoft.WebManagementSystem.Infrastructure\Infrastructure.csproj", "{FBB9F572-D932-41C4-AB5E-31751732BB51}"
EndProject
Project("{FAE04EC0-301F-11D3-BF4B-00C04F79EFBC}") = "WebApi", "src\AllregoSoft.WebManagementSystem.WebApi\WebApi.csproj", "{0782D11F-9A15-499E-B6EC-456A9AF2C10E}"
EndProject
Project("{FAE04EC0-301F-11D3-BF4B-00C04F79EFBC}") = "WebApplication", "src\AllregoSoft.WebManagementSystem.WebApplication\WebApplication.csproj", "{7C3F190D-2ABE-43A6-A862-9151B57D4B9B}"
EndProject
Global
	GlobalSection(SolutionConfigurationPlatforms) = preSolution
		Debug|Any CPU = Debug|Any CPU
		Release|Any CPU = Release|Any CPU
	EndGlobalSection
	GlobalSection(ProjectConfigurationPlatforms) = postSolution
		{608E0219-E69B-4D65-A97F-783F3FADF5E2}.Debug|Any CPU.ActiveCfg = Debug|Any CPU
		{608E0219-E69B-4D65-A97F-783F3FADF5E2}.Debug|Any CPU.Build.0 = Debug|Any CPU
		{608E0219-E69B-4D65-A97F-783F3FADF5E2}.Release|Any CPU.ActiveCfg = Release|Any CPU
		{608E0219-E69B-4D65-A97F-783F3FADF5E2}.Release|Any CPU.Build.0 = Release|Any CPU
		{FBB9F572-D932-41C4-AB5E-31751732BB51}.Debug|Any CPU.ActiveCfg = Debug|Any CPU
		{FBB9F572-D932-41C4-AB5E-31751732BB51}.Debug|Any CPU.Build.0 = Debug|Any CPU
		{FBB9F572-D932-41C4-AB5E-31751732BB51}.Release|Any CPU.ActiveCfg = Release|Any CPU
		{FBB9F572-D932-41C4-AB5E-31751732BB51}.Release|Any CPU.Build.0 = Release|Any CPU
		{0782D11F-9A15-499E-B6EC-456A9AF2C10E}.Debug|Any CPU.ActiveCfg = Debug|Any CPU
		{0782D11F-9A15-499E-B6EC-456A9AF2C10E}.Debug|Any CPU.Build.0 = Debug|Any CPU
		{0782D11F-9A15-499E-B6EC-456A9AF2C10E}.Release|Any CPU.ActiveCfg = Release|Any CPU
		{0782D11F-9A15-499E-B6EC-456A9AF2C10E}.Release|Any CPU.Build.0 = Release|Any CPU
		{7C3F190D-2ABE-43A6-A862-9151B57D4B9B}.Debug|Any CPU.ActiveCfg = Debug|Any CPU
		{7C3F190D-2ABE-43A6-A862-9151B57D4B9B}.Debug|Any CPU.Build.0 = Debug|Any CPU
		{7C3F190D-2ABE-43A6-A862-9151B57D4B9B}.Release|Any CPU.ActiveCfg = Release|Any CPU
		{7C3F190D-2ABE-43A6-A862-9151B57D4B9B}.Release|Any CPU.Build.0 = Release|Any CPU
	EndGlobalSection
	GlobalSection(SolutionProperties) = preSolution
		HideSolutionNode = FALSE
	EndGlobalSection
	GlobalSection(NestedProjects) = preSolution
		{608E0219-E69B-4D65-A97F-783F3FADF5E2} = {E2A02597-A2FF-4E1F-BD79-48CB2CBFAFA9}
		{FBB9F572-D932-41C4-AB5E-31751732BB51} = {E2A02597-A2FF-4E1F-BD79-48CB2CBFAFA9}
		{0782D11F-9A15-499E-B6EC-456A9AF2C10E} = {E2A02597-A2FF-4E1F-BD79-48CB2CBFAFA9}
		{7C3F190D-2ABE-43A6-A862-9151B57D4B9B} = {E2A02597-A2FF-4E1F-BD79-48CB2CBFAFA9}
	EndGlobalSection
	GlobalSection(ExtensibilityGlobals) = postSolution
		SolutionGuid = {91C79C5D-F762-48BB-AD96-43D09365A99C}
	EndGlobalSection
EndGlobal
