
Microsoft Visual Studio Solution File, Format Version 12.00
# Visual Studio Version 16
VisualStudioVersion = 16.0.31424.327
MinimumVisualStudioVersion = 10.0.40219.1
Project("{2150E333-8FDC-42A3-9474-1A3956D46DE8}") = "src", "src", "{E2A02597-A2FF-4E1F-BD79-48CB2CBFAFA9}"
EndProject
Project("{2150E333-8FDC-42A3-9474-1A3956D46DE8}") = "tests", "tests", "{4FBC473E-CC8F-4B24-9254-AF0AD87294BE}"
EndProject
Project("{9A19103F-16F7-4668-BE54-9A1E7A4F7556}") = "AWMS.WebApplication", "src\AllregoSoft.WebManagementSystem.WebApplication\AWMS.WebApplication.csproj", "{7C3F190D-2ABE-43A6-A862-9151B57D4B9B}"
EndProject
Project("{9A19103F-16F7-4668-BE54-9A1E7A4F7556}") = "Domain", "src\AllregoSoft.WebManagementSystem.Domain\Domain.csproj", "{F474EE32-013F-481C-8AA7-8806DED8EF45}"
EndProject
Project("{2150E333-8FDC-42A3-9474-1A3956D46DE8}") = "common", "common", "{E00EA731-6E75-42A2-A7BC-1AF84EAB7432}"
EndProject
Project("{9A19103F-16F7-4668-BE54-9A1E7A4F7556}") = "AWMS.WebAdmin", "src\AllregoSoft.WebManagementSystem.WebAdmin\AWMS.WebAdmin.csproj", "{5DF8F771-38FB-469B-89BC-39CB087EBD88}"
EndProject
Project("{9A19103F-16F7-4668-BE54-9A1E7A4F7556}") = "AWMS.Identity", "src\AllregoSoft.WebManagementSystem.WebApi.Identity\AWMS.Identity.csproj", "{043702EA-0FC1-484C-AC03-7C143EB4A4BE}"
EndProject
Project("{9A19103F-16F7-4668-BE54-9A1E7A4F7556}") = "ApplicationCore", "src\AllregoSoft.WebManagementSystem.ApplicationCore\ApplicationCore.csproj", "{3DF462AE-0009-4AFE-8137-465F42FCE4ED}"
EndProject
Project("{9A19103F-16F7-4668-BE54-9A1E7A4F7556}") = "Infrastructure", "src\AllregoSoft.WebManagementSystem.Infrastructure\Infrastructure.csproj", "{1C399074-0330-4E77-99C5-DED9FE805FDA}"
EndProject
Project("{9A19103F-16F7-4668-BE54-9A1E7A4F7556}") = "AWMS.WebApi", "src\AllregoSoft.WebManagementSystem.WebApi\AWMS.WebApi.csproj", "{3F9EAC9A-6D05-4261-94EE-1068304EA17A}"
EndProject
Global
	GlobalSection(SolutionConfigurationPlatforms) = preSolution
		Debug|Any CPU = Debug|Any CPU
		Release|Any CPU = Release|Any CPU
	EndGlobalSection
	GlobalSection(ProjectConfigurationPlatforms) = postSolution
		{7C3F190D-2ABE-43A6-A862-9151B57D4B9B}.Debug|Any CPU.ActiveCfg = Debug|Any CPU
		{7C3F190D-2ABE-43A6-A862-9151B57D4B9B}.Debug|Any CPU.Build.0 = Debug|Any CPU
		{7C3F190D-2ABE-43A6-A862-9151B57D4B9B}.Release|Any CPU.ActiveCfg = Release|Any CPU
		{7C3F190D-2ABE-43A6-A862-9151B57D4B9B}.Release|Any CPU.Build.0 = Release|Any CPU
		{F474EE32-013F-481C-8AA7-8806DED8EF45}.Debug|Any CPU.ActiveCfg = Debug|Any CPU
		{F474EE32-013F-481C-8AA7-8806DED8EF45}.Debug|Any CPU.Build.0 = Debug|Any CPU
		{F474EE32-013F-481C-8AA7-8806DED8EF45}.Release|Any CPU.ActiveCfg = Release|Any CPU
		{F474EE32-013F-481C-8AA7-8806DED8EF45}.Release|Any CPU.Build.0 = Release|Any CPU
		{5DF8F771-38FB-469B-89BC-39CB087EBD88}.Debug|Any CPU.ActiveCfg = Debug|Any CPU
		{5DF8F771-38FB-469B-89BC-39CB087EBD88}.Debug|Any CPU.Build.0 = Debug|Any CPU
		{5DF8F771-38FB-469B-89BC-39CB087EBD88}.Release|Any CPU.ActiveCfg = Release|Any CPU
		{5DF8F771-38FB-469B-89BC-39CB087EBD88}.Release|Any CPU.Build.0 = Release|Any CPU
		{043702EA-0FC1-484C-AC03-7C143EB4A4BE}.Debug|Any CPU.ActiveCfg = Debug|Any CPU
		{043702EA-0FC1-484C-AC03-7C143EB4A4BE}.Debug|Any CPU.Build.0 = Debug|Any CPU
		{043702EA-0FC1-484C-AC03-7C143EB4A4BE}.Release|Any CPU.ActiveCfg = Release|Any CPU
		{043702EA-0FC1-484C-AC03-7C143EB4A4BE}.Release|Any CPU.Build.0 = Release|Any CPU
		{3DF462AE-0009-4AFE-8137-465F42FCE4ED}.Debug|Any CPU.ActiveCfg = Debug|Any CPU
		{3DF462AE-0009-4AFE-8137-465F42FCE4ED}.Debug|Any CPU.Build.0 = Debug|Any CPU
		{3DF462AE-0009-4AFE-8137-465F42FCE4ED}.Release|Any CPU.ActiveCfg = Release|Any CPU
		{3DF462AE-0009-4AFE-8137-465F42FCE4ED}.Release|Any CPU.Build.0 = Release|Any CPU
		{1C399074-0330-4E77-99C5-DED9FE805FDA}.Debug|Any CPU.ActiveCfg = Debug|Any CPU
		{1C399074-0330-4E77-99C5-DED9FE805FDA}.Debug|Any CPU.Build.0 = Debug|Any CPU
		{1C399074-0330-4E77-99C5-DED9FE805FDA}.Release|Any CPU.ActiveCfg = Release|Any CPU
		{1C399074-0330-4E77-99C5-DED9FE805FDA}.Release|Any CPU.Build.0 = Release|Any CPU
		{3F9EAC9A-6D05-4261-94EE-1068304EA17A}.Debug|Any CPU.ActiveCfg = Debug|Any CPU
		{3F9EAC9A-6D05-4261-94EE-1068304EA17A}.Debug|Any CPU.Build.0 = Debug|Any CPU
		{3F9EAC9A-6D05-4261-94EE-1068304EA17A}.Release|Any CPU.ActiveCfg = Release|Any CPU
		{3F9EAC9A-6D05-4261-94EE-1068304EA17A}.Release|Any CPU.Build.0 = Release|Any CPU
	EndGlobalSection
	GlobalSection(SolutionProperties) = preSolution
		HideSolutionNode = FALSE
	EndGlobalSection
	GlobalSection(NestedProjects) = preSolution
		{7C3F190D-2ABE-43A6-A862-9151B57D4B9B} = {E2A02597-A2FF-4E1F-BD79-48CB2CBFAFA9}
		{F474EE32-013F-481C-8AA7-8806DED8EF45} = {E00EA731-6E75-42A2-A7BC-1AF84EAB7432}
		{E00EA731-6E75-42A2-A7BC-1AF84EAB7432} = {E2A02597-A2FF-4E1F-BD79-48CB2CBFAFA9}
		{5DF8F771-38FB-469B-89BC-39CB087EBD88} = {E2A02597-A2FF-4E1F-BD79-48CB2CBFAFA9}
		{043702EA-0FC1-484C-AC03-7C143EB4A4BE} = {E2A02597-A2FF-4E1F-BD79-48CB2CBFAFA9}
		{3DF462AE-0009-4AFE-8137-465F42FCE4ED} = {E00EA731-6E75-42A2-A7BC-1AF84EAB7432}
		{1C399074-0330-4E77-99C5-DED9FE805FDA} = {E00EA731-6E75-42A2-A7BC-1AF84EAB7432}
		{3F9EAC9A-6D05-4261-94EE-1068304EA17A} = {E2A02597-A2FF-4E1F-BD79-48CB2CBFAFA9}
	EndGlobalSection
	GlobalSection(ExtensibilityGlobals) = postSolution
		SolutionGuid = {91C79C5D-F762-48BB-AD96-43D09365A99C}
	EndGlobalSection
EndGlobal
